
Microsoft Visual Studio Solution File, Format Version 12.00
# Visual Studio Version 17
VisualStudioVersion = 17.11.35312.102
MinimumVisualStudioVersion = 10.0.40219.1
Project("{9A19103F-16F7-4668-BE54-9A1E7A4F7556}") = "NWO_RegionNode", "NWO_RegionNode\NWO_RegionNode.csproj", "{06EEF3F2-5CA0-4142-92C8-7C689A00B7C0}"
EndProject
Project("{8BC9CEB8-8B4A-11D0-8D11-00A0C91BC942}") = "CudaRuntime1", "CudaRuntime1\CudaRuntime1.vcxproj", "{9670DE46-8FAF-440D-A799-9CF78E58CCA3}"
EndProject
Global
	GlobalSection(SolutionConfigurationPlatforms) = preSolution
		Debug|Any CPU = Debug|Any CPU
		Debug|x64 = Debug|x64
		Release|Any CPU = Release|Any CPU
		Release|x64 = Release|x64
	EndGlobalSection
	GlobalSection(ProjectConfigurationPlatforms) = postSolution
		{06EEF3F2-5CA0-4142-92C8-7C689A00B7C0}.Debug|Any CPU.ActiveCfg = Debug|Any CPU
		{06EEF3F2-5CA0-4142-92C8-7C689A00B7C0}.Debug|Any CPU.Build.0 = Debug|Any CPU
		{06EEF3F2-5CA0-4142-92C8-7C689A00B7C0}.Debug|x64.ActiveCfg = Debug|Any CPU
		{06EEF3F2-5CA0-4142-92C8-7C689A00B7C0}.Debug|x64.Build.0 = Debug|Any CPU
		{06EEF3F2-5CA0-4142-92C8-7C689A00B7C0}.Release|Any CPU.ActiveCfg = Release|Any CPU
		{06EEF3F2-5CA0-4142-92C8-7C689A00B7C0}.Release|Any CPU.Build.0 = Release|Any CPU
		{06EEF3F2-5CA0-4142-92C8-7C689A00B7C0}.Release|x64.ActiveCfg = Release|Any CPU
		{06EEF3F2-5CA0-4142-92C8-7C689A00B7C0}.Release|x64.Build.0 = Release|Any CPU
		{9670DE46-8FAF-440D-A799-9CF78E58CCA3}.Debug|Any CPU.ActiveCfg = Debug|x64
		{9670DE46-8FAF-440D-A799-9CF78E58CCA3}.Debug|Any CPU.Build.0 = Debug|x64
		{9670DE46-8FAF-440D-A799-9CF78E58CCA3}.Debug|x64.ActiveCfg = Debug|x64
		{9670DE46-8FAF-440D-A799-9CF78E58CCA3}.Debug|x64.Build.0 = Debug|x64
		{9670DE46-8FAF-440D-A799-9CF78E58CCA3}.Release|Any CPU.ActiveCfg = Release|x64
		{9670DE46-8FAF-440D-A799-9CF78E58CCA3}.Release|Any CPU.Build.0 = Release|x64
		{9670DE46-8FAF-440D-A799-9CF78E58CCA3}.Release|x64.ActiveCfg = Release|x64
		{9670DE46-8FAF-440D-A799-9CF78E58CCA3}.Release|x64.Build.0 = Release|x64
	EndGlobalSection
	GlobalSection(SolutionProperties) = preSolution
		HideSolutionNode = FALSE
	EndGlobalSection
	GlobalSection(ExtensibilityGlobals) = postSolution
		SolutionGuid = {3AFC3AEE-52DE-49AB-8037-FA1CDD7F6568}
	EndGlobalSection
EndGlobal
